// !$*UTF8*$!
{
	archiveVersion = 1;
	classes = {
	};
	objectVersion = 48;
	objects = {

/* Begin PBXBuildFile section */
		DC561FE32022F672007CFF19 /* AppDelegate.swift in Sources */ = {isa = PBXBuildFile; fileRef = DC561FE22022F672007CFF19 /* AppDelegate.swift */; };
		DC561FE52022F672007CFF19 /* ViewController.swift in Sources */ = {isa = PBXBuildFile; fileRef = DC561FE42022F672007CFF19 /* ViewController.swift */; };
		DC561FE82022F672007CFF19 /* Main.storyboard in Resources */ = {isa = PBXBuildFile; fileRef = DC561FE62022F672007CFF19 /* Main.storyboard */; };
		DC561FEB2022F672007CFF19 /* TraitsDemo.xcdatamodeld in Sources */ = {isa = PBXBuildFile; fileRef = DC561FE92022F672007CFF19 /* TraitsDemo.xcdatamodeld */; };
		DC561FED2022F672007CFF19 /* Assets.xcassets in Resources */ = {isa = PBXBuildFile; fileRef = DC561FEC2022F672007CFF19 /* Assets.xcassets */; };
		DC561FF02022F672007CFF19 /* LaunchScreen.storyboard in Resources */ = {isa = PBXBuildFile; fileRef = DC561FEE2022F672007CFF19 /* LaunchScreen.storyboard */; };
/* End PBXBuildFile section */

/* Begin PBXFileReference section */
		DC561FDF2022F672007CFF19 /* TraitsDemo.app */ = {isa = PBXFileReference; explicitFileType = wrapper.application; includeInIndex = 0; path = TraitsDemo.app; sourceTree = BUILT_PRODUCTS_DIR; };
		DC561FE22022F672007CFF19 /* AppDelegate.swift */ = {isa = PBXFileReference; lastKnownFileType = sourcecode.swift; path = AppDelegate.swift; sourceTree = "<group>"; };
		DC561FE42022F672007CFF19 /* ViewController.swift */ = {isa = PBXFileReference; lastKnownFileType = sourcecode.swift; path = ViewController.swift; sourceTree = "<group>"; };
		DC561FE72022F672007CFF19 /* Base */ = {isa = PBXFileReference; lastKnownFileType = file.storyboard; name = Base; path = Base.lproj/Main.storyboard; sourceTree = "<group>"; };
		DC561FEA2022F672007CFF19 /* TraitsDemo.xcdatamodel */ = {isa = PBXFileReference; lastKnownFileType = wrapper.xcdatamodel; path = TraitsDemo.xcdatamodel; sourceTree = "<group>"; };
		DC561FEC2022F672007CFF19 /* Assets.xcassets */ = {isa = PBXFileReference; lastKnownFileType = folder.assetcatalog; path = Assets.xcassets; sourceTree = "<group>"; };
		DC561FEF2022F672007CFF19 /* Base */ = {isa = PBXFileReference; lastKnownFileType = file.storyboard; name = Base; path = Base.lproj/LaunchScreen.storyboard; sourceTree = "<group>"; };
		DC561FF12022F672007CFF19 /* Info.plist */ = {isa = PBXFileReference; lastKnownFileType = text.plist.xml; path = Info.plist; sourceTree = "<group>"; };
/* End PBXFileReference section */

/* Begin PBXFrameworksBuildPhase section */
		DC561FDC2022F672007CFF19 /* Frameworks */ = {
			isa = PBXFrameworksBuildPhase;
			buildActionMask = 2147483647;
			files = (
			);
			runOnlyForDeploymentPostprocessing = 0;
		};
/* End PBXFrameworksBuildPhase section */

/* Begin PBXGroup section */
		DC561FD62022F671007CFF19 = {
			isa = PBXGroup;
			children = (
				DC561FE12022F672007CFF19 /* TraitsDemo */,
				DC561FE02022F672007CFF19 /* Products */,
			);
			sourceTree = "<group>";
		};
		DC561FE02022F672007CFF19 /* Products */ = {
			isa = PBXGroup;
			children = (
				DC561FDF2022F672007CFF19 /* TraitsDemo.app */,
			);
			name = Products;
			sourceTree = "<group>";
		};
		DC561FE12022F672007CFF19 /* TraitsDemo */ = {
			isa = PBXGroup;
			children = (
				DC561FE22022F672007CFF19 /* AppDelegate.swift */,
				DC561FE42022F672007CFF19 /* ViewController.swift */,
				DC561FE62022F672007CFF19 /* Main.storyboard */,
				DC561FEC2022F672007CFF19 /* Assets.xcassets */,
				DC561FEE2022F672007CFF19 /* LaunchScreen.storyboard */,
				DC561FF12022F672007CFF19 /* Info.plist */,
				DC561FE92022F672007CFF19 /* TraitsDemo.xcdatamodeld */,
			);
			path = TraitsDemo;
			sourceTree = "<group>";
		};
/* End PBXGroup section */

/* Begin PBXNativeTarget section */
		DC561FDE2022F672007CFF19 /* TraitsDemo */ = {
			isa = PBXNativeTarget;
			buildConfigurationList = DC561FF42022F672007CFF19 /* Build configuration list for PBXNativeTarget "TraitsDemo" */;
			buildPhases = (
				DC561FDB2022F672007CFF19 /* Sources */,
				DC561FDC2022F672007CFF19 /* Frameworks */,
				DC561FDD2022F672007CFF19 /* Resources */,
			);
			buildRules = (
			);
			dependencies = (
			);
			name = TraitsDemo;
			productName = TraitsDemo;
			productReference = DC561FDF2022F672007CFF19 /* TraitsDemo.app */;
			productType = "com.apple.product-type.application";
		};
/* End PBXNativeTarget section */

/* Begin PBXProject section */
		DC561FD72022F671007CFF19 /* Project object */ = {
			isa = PBXProject;
			attributes = {
				LastSwiftUpdateCheck = 0920;
				LastUpgradeCheck = 0920;
				ORGANIZATIONNAME = "Zeitech Solutions";
				TargetAttributes = {
					DC561FDE2022F672007CFF19 = {
						CreatedOnToolsVersion = 9.2;
						ProvisioningStyle = Automatic;
					};
				};
			};
			buildConfigurationList = DC561FDA2022F671007CFF19 /* Build configuration list for PBXProject "TraitsDemo" */;
			compatibilityVersion = "Xcode 8.0";
			developmentRegion = en;
			hasScannedForEncodings = 0;
			knownRegions = (
				en,
				Base,
			);
			mainGroup = DC561FD62022F671007CFF19;
			productRefGroup = DC561FE02022F672007CFF19 /* Products */;
			projectDirPath = "";
			projectRoot = "";
			targets = (
				DC561FDE2022F672007CFF19 /* TraitsDemo */,
			);
		};
/* End PBXProject section */

/* Begin PBXResourcesBuildPhase section */
		DC561FDD2022F672007CFF19 /* Resources */ = {
			isa = PBXResourcesBuildPhase;
			buildActionMask = 2147483647;
			files = (
				DC561FF02022F672007CFF19 /* LaunchScreen.storyboard in Resources */,
				DC561FED2022F672007CFF19 /* Assets.xcassets in Resources */,
				DC561FE82022F672007CFF19 /* Main.storyboard in Resources */,
			);
			runOnlyForDeploymentPostprocessing = 0;
		};
/* End PBXResourcesBuildPhase section */

/* Begin PBXSourcesBuildPhase section */
		DC561FDB2022F672007CFF19 /* Sources */ = {
			isa = PBXSourcesBuildPhase;
			buildActionMask = 2147483647;
			files = (
				DC561FE52022F672007CFF19 /* ViewController.swift in Sources */,
				DC561FE32022F672007CFF19 /* AppDelegate.swift in Sources */,
				DC561FEB2022F672007CFF19 /* TraitsDemo.xcdatamodeld in Sources */,
			);
			runOnlyForDeploymentPostprocessing = 0;
		};
/* End PBXSourcesBuildPhase section */

/* Begin PBXVariantGroup section */
		DC561FE62022F672007CFF19 /* Main.storyboard */ = {
			isa = PBXVariantGroup;
			children = (
				DC561FE72022F672007CFF19 /* Base */,
			);
			name = Main.storyboard;
			sourceTree = "<group>";
		};
		DC561FEE2022F672007CFF19 /* LaunchScreen.storyboard */ = {
			isa = PBXVariantGroup;
			children = (
				DC561FEF2022F672007CFF19 /* Base */,
			);
			name = LaunchScreen.storyboard;
			sourceTree = "<group>";
		};
/* End PBXVariantGroup section */

/* Begin XCBuildConfiguration section */
		DC561FF22022F672007CFF19 /* Debug */ = {
			isa = XCBuildConfiguration;
			buildSettings = {
				ALWAYS_SEARCH_USER_PATHS = NO;
				CLANG_ANALYZER_NONNULL = YES;
				CLANG_ANALYZER_NUMBER_OBJECT_CONVERSION = YES_AGGRESSIVE;
				CLANG_CXX_LANGUAGE_STANDARD = "gnu++14";
				CLANG_CXX_LIBRARY = "libc++";
				CLANG_ENABLE_MODULES = YES;
				CLANG_ENABLE_OBJC_ARC = YES;
				CLANG_WARN_BLOCK_CAPTURE_AUTORELEASING = YES;
				CLANG_WARN_BOOL_CONVERSION = YES;
				CLANG_WARN_COMMA = YES;
				CLANG_WARN_CONSTANT_CONVERSION = YES;
				CLANG_WARN_DIRECT_OBJC_ISA_USAGE = YES_ERROR;
				CLANG_WARN_DOCUMENTATION_COMMENTS = YES;
				CLANG_WARN_EMPTY_BODY = YES;
				CLANG_WARN_ENUM_CONVERSION = YES;
				CLANG_WARN_INFINITE_RECURSION = YES;
				CLANG_WARN_INT_CONVERSION = YES;
				CLANG_WARN_NON_LITERAL_NULL_CONVERSION = YES;
				CLANG_WARN_OBJC_LITERAL_CONVERSION = YES;
				CLANG_WARN_OBJC_ROOT_CLASS = YES_ERROR;
				CLANG_WARN_RANGE_LOOP_ANALYSIS = YES;
				CLANG_WARN_STRICT_PROTOTYPES = YES;
				CLANG_WARN_SUSPICIOUS_MOVE = YES;
				CLANG_WARN_UNGUARDED_AVAILABILITY = YES_AGGRESSIVE;
				CLANG_WARN_UNREACHABLE_CODE = YES;
				CLANG_WARN__DUPLICATE_METHOD_MATCH = YES;
				CODE_SIGN_IDENTITY = "iPhone Developer";
				COPY_PHASE_STRIP = NO;
				DEBUG_INFORMATION_FORMAT = dwarf;
				ENABLE_STRICT_OBJC_MSGSEND = YES;
				ENABLE_TESTABILITY = YES;
				GCC_C_LANGUAGE_STANDARD = gnu11;
				GCC_DYNAMIC_NO_PIC = NO;
				GCC_NO_COMMON_BLOCKS = YES;
				GCC_OPTIMIZATION_LEVEL = 0;
				GCC_PREPROCESSOR_DEFINITIONS = (
					"DEBUG=1",
					"$(inherited)",
				);
				GCC_WARN_64_TO_32_BIT_CONVERSION = YES;
				GCC_WARN_ABOUT_RETURN_TYPE = YES_ERROR;
				GCC_WARN_UNDECLARED_SELECTOR = YES;
				GCC_WARN_UNINITIALIZED_AUTOS = YES_AGGRESSIVE;
				GCC_WARN_UNUSED_FUNCTION = YES;
				GCC_WARN_UNUSED_VARIABLE = YES;
				IPHONEOS_DEPLOYMENT_TARGET = 10.0;
				MTL_ENABLE_DEBUG_INFO = YES;
				ONLY_ACTIVE_ARCH = YES;
				SDKROOT = iphoneos;
				SWIFT_ACTIVE_COMPILATION_CONDITIONS = DEBUG;
				SWIFT_OPTIMIZATION_LEVEL = "-Onone";
			};
			name = Debug;
		};
		DC561FF32022F672007CFF19 /* Release */ = {
			isa = XCBuildConfiguration;
			buildSettings = {
				ALWAYS_SEARCH_USER_PATHS = NO;
				CLANG_ANALYZER_NONNULL = YES;
				CLANG_ANALYZER_NUMBER_OBJECT_CONVERSION = YES_AGGRESSIVE;
				CLANG_CXX_LANGUAGE_STANDARD = "gnu++14";
				CLANG_CXX_LIBRARY = "libc++";
				CLANG_ENABLE_MODULES = YES;
				CLANG_ENABLE_OBJC_ARC = YES;
				CLANG_WARN_BLOCK_CAPTURE_AUTORELEASING = YES;
				CLANG_WARN_BOOL_CONVERSION = YES;
				CLANG_WARN_COMMA = YES;
				CLANG_WARN_CONSTANT_CONVERSION = YES;
				CLANG_WARN_DIRECT_OBJC_ISA_USAGE = YES_ERROR;
				CLANG_WARN_DOCUMENTATION_COMMENTS = YES;
				CLANG_WARN_EMPTY_BODY = YES;
				CLANG_WARN_ENUM_CONVERSION = YES;
				CLANG_WARN_INFINITE_RECURSION = YES;
				CLANG_WARN_INT_CONVERSION = YES;
				CLANG_WARN_NON_LITERAL_NULL_CONVERSION = YES;
				CLANG_WARN_OBJC_LITERAL_CONVERSION = YES;
				CLANG_WARN_OBJC_ROOT_CLASS = YES_ERROR;
				CLANG_WARN_RANGE_LOOP_ANALYSIS = YES;
				CLANG_WARN_STRICT_PROTOTYPES = YES;
				CLANG_WARN_SUSPICIOUS_MOVE = YES;
				CLANG_WARN_UNGUARDED_AVAILABILITY = YES_AGGRESSIVE;
				CLANG_WARN_UNREACHABLE_CODE = YES;
				CLANG_WARN__DUPLICATE_METHOD_MATCH = YES;
				CODE_SIGN_IDENTITY = "iPhone Developer";
				COPY_PHASE_STRIP = NO;
				DEBUG_INFORMATION_FORMAT = "dwarf-with-dsym";
				ENABLE_NS_ASSERTIONS = NO;
				ENABLE_STRICT_OBJC_MSGSEND = YES;
				GCC_C_LANGUAGE_STANDARD = gnu11;
				GCC_NO_COMMON_BLOCKS = YES;
				GCC_WARN_64_TO_32_BIT_CONVERSION = YES;
				GCC_WARN_ABOUT_RETURN_TYPE = YES_ERROR;
				GCC_WARN_UNDECLARED_SELECTOR = YES;
				GCC_WARN_UNINITIALIZED_AUTOS = YES_AGGRESSIVE;
				GCC_WARN_UNUSED_FUNCTION = YES;
				GCC_WARN_UNUSED_VARIABLE = YES;
				IPHONEOS_DEPLOYMENT_TARGET = 10.0;
				MTL_ENABLE_DEBUG_INFO = NO;
				SDKROOT = iphoneos;
				SWIFT_OPTIMIZATION_LEVEL = "-Owholemodule";
				VALIDATE_PRODUCT = YES;
			};
			name = Release;
		};
		DC561FF52022F672007CFF19 /* Debug */ = {
			isa = XCBuildConfiguration;
			buildSettings = {
				ASSETCATALOG_COMPILER_APPICON_NAME = AppIcon;
				CODE_SIGN_STYLE = Automatic;
				DEVELOPMENT_TEAM = 83RTEDA88K;
				INFOPLIST_FILE = TraitsDemo/Info.plist;
				IPHONEOS_DEPLOYMENT_TARGET = 10.0;
				LD_RUNPATH_SEARCH_PATHS = "$(inherited) @executable_path/Frameworks";
				PRODUCT_BUNDLE_IDENTIFIER = de.intec.xmaintainv2.TraitsDemo;
				PRODUCT_NAME = "$(TARGET_NAME)";
				SWIFT_VERSION = 4.0;
				TARGETED_DEVICE_FAMILY = "1,2";
			};
			name = Debug;
		};
		DC561FF62022F672007CFF19 /* Release */ = {
			isa = XCBuildConfiguration;
			buildSettings = {
				ASSETCATALOG_COMPILER_APPICON_NAME = AppIcon;
				CODE_SIGN_STYLE = Automatic;
				DEVELOPMENT_TEAM = 83RTEDA88K;
				INFOPLIST_FILE = TraitsDemo/Info.plist;
				IPHONEOS_DEPLOYMENT_TARGET = 10.0;
				LD_RUNPATH_SEARCH_PATHS = "$(inherited) @executable_path/Frameworks";
				PRODUCT_BUNDLE_IDENTIFIER = de.intec.xmaintainv2.TraitsDemo;
				PRODUCT_NAME = "$(TARGET_NAME)";
				SWIFT_VERSION = 4.0;
				TARGETED_DEVICE_FAMILY = "1,2";
			};
			name = Release;
		};
/* End XCBuildConfiguration section */

/* Begin XCConfigurationList section */
		DC561FDA2022F671007CFF19 /* Build configuration list for PBXProject "TraitsDemo" */ = {
			isa = XCConfigurationList;
			buildConfigurations = (
				DC561FF22022F672007CFF19 /* Debug */,
				DC561FF32022F672007CFF19 /* Release */,
			);
			defaultConfigurationIsVisible = 0;
			defaultConfigurationName = Release;
		};
		DC561FF42022F672007CFF19 /* Build configuration list for PBXNativeTarget "TraitsDemo" */ = {
			isa = XCConfigurationList;
			buildConfigurations = (
				DC561FF52022F672007CFF19 /* Debug */,
				DC561FF62022F672007CFF19 /* Release */,
			);
			defaultConfigurationIsVisible = 0;
			defaultConfigurationName = Release;
		};
/* End XCConfigurationList section */

/* Begin XCVersionGroup section */
		DC561FE92022F672007CFF19 /* TraitsDemo.xcdatamodeld */ = {
			isa = XCVersionGroup;
			children = (
				DC561FEA2022F672007CFF19 /* TraitsDemo.xcdatamodel */,
			);
			currentVersion = DC561FEA2022F672007CFF19 /* TraitsDemo.xcdatamodel */;
			path = TraitsDemo.xcdatamodeld;
			sourceTree = "<group>";
			versionGroupType = wrapper.xcdatamodel;
		};
/* End XCVersionGroup section */
	};
	rootObject = DC561FD72022F671007CFF19 /* Project object */;
}
